// !$*UTF8*$!
{
	archiveVersion = 1;
	classes = {
	};
	objectVersion = 51;
	objects = {

/* Begin PBXBuildFile section */
		1D861DA1E7D1998B792D5288 /* Pods_BMI_FinalTest_GarimaPrasher.framework in Frameworks */ = {isa = PBXBuildFile; fileRef = 2DAB073FFF49266A2031F447 /* Pods_BMI_FinalTest_GarimaPrasher.framework */; };
		80B99C2823A1B3CE00D60445 /* AppDelegate.swift in Sources */ = {isa = PBXBuildFile; fileRef = 80B99C2723A1B3CE00D60445 /* AppDelegate.swift */; };
		80B99C2A23A1B3CE00D60445 /* SceneDelegate.swift in Sources */ = {isa = PBXBuildFile; fileRef = 80B99C2923A1B3CE00D60445 /* SceneDelegate.swift */; };
		80B99C2C23A1B3CE00D60445 /* ViewController.swift in Sources */ = {isa = PBXBuildFile; fileRef = 80B99C2B23A1B3CE00D60445 /* ViewController.swift */; };
		80B99C2F23A1B3CE00D60445 /* Main.storyboard in Resources */ = {isa = PBXBuildFile; fileRef = 80B99C2D23A1B3CE00D60445 /* Main.storyboard */; };
		80B99C3123A1B3CF00D60445 /* Assets.xcassets in Resources */ = {isa = PBXBuildFile; fileRef = 80B99C3023A1B3CF00D60445 /* Assets.xcassets */; };
		80B99C3423A1B3CF00D60445 /* LaunchScreen.storyboard in Resources */ = {isa = PBXBuildFile; fileRef = 80B99C3223A1B3CF00D60445 /* LaunchScreen.storyboard */; };
		80B99C4223A1BC5700D60445 /* ViewController2.swift in Sources */ = {isa = PBXBuildFile; fileRef = 80B99C4123A1BC5700D60445 /* ViewController2.swift */; };
		80B99C4623A1C90F00D60445 /* GoogleService-Info.plist in Resources */ = {isa = PBXBuildFile; fileRef = 80B99C4523A1C90F00D60445 /* GoogleService-Info.plist */; };
		80B99C4823A4291800D60445 /* ViewController3.swift in Sources */ = {isa = PBXBuildFile; fileRef = 80B99C4723A4291800D60445 /* ViewController3.swift */; };
/* End PBXBuildFile section */

/* Begin PBXFileReference section */
		2DAB073FFF49266A2031F447 /* Pods_BMI_FinalTest_GarimaPrasher.framework */ = {isa = PBXFileReference; explicitFileType = wrapper.framework; includeInIndex = 0; path = Pods_BMI_FinalTest_GarimaPrasher.framework; sourceTree = BUILT_PRODUCTS_DIR; };
		80B99C2423A1B3CE00D60445 /* BMI_FinalTest_GarimaPrasher.app */ = {isa = PBXFileReference; explicitFileType = wrapper.application; includeInIndex = 0; path = BMI_FinalTest_GarimaPrasher.app; sourceTree = BUILT_PRODUCTS_DIR; };
		80B99C2723A1B3CE00D60445 /* AppDelegate.swift */ = {isa = PBXFileReference; lastKnownFileType = sourcecode.swift; path = AppDelegate.swift; sourceTree = "<group>"; };
		80B99C2923A1B3CE00D60445 /* SceneDelegate.swift */ = {isa = PBXFileReference; lastKnownFileType = sourcecode.swift; path = SceneDelegate.swift; sourceTree = "<group>"; };
		80B99C2B23A1B3CE00D60445 /* ViewController.swift */ = {isa = PBXFileReference; lastKnownFileType = sourcecode.swift; path = ViewController.swift; sourceTree = "<group>"; };
		80B99C2E23A1B3CE00D60445 /* Base */ = {isa = PBXFileReference; lastKnownFileType = file.storyboard; name = Base; path = Base.lproj/Main.storyboard; sourceTree = "<group>"; };
		80B99C3023A1B3CF00D60445 /* Assets.xcassets */ = {isa = PBXFileReference; lastKnownFileType = folder.assetcatalog; path = Assets.xcassets; sourceTree = "<group>"; };
		80B99C3323A1B3CF00D60445 /* Base */ = {isa = PBXFileReference; lastKnownFileType = file.storyboard; name = Base; path = Base.lproj/LaunchScreen.storyboard; sourceTree = "<group>"; };
		80B99C3523A1B3CF00D60445 /* Info.plist */ = {isa = PBXFileReference; lastKnownFileType = text.plist.xml; path = Info.plist; sourceTree = "<group>"; };
		80B99C4123A1BC5700D60445 /* ViewController2.swift */ = {isa = PBXFileReference; lastKnownFileType = sourcecode.swift; path = ViewController2.swift; sourceTree = "<group>"; };
		80B99C4523A1C90F00D60445 /* GoogleService-Info.plist */ = {isa = PBXFileReference; fileEncoding = 4; lastKnownFileType = text.plist.xml; name = "GoogleService-Info.plist"; path = "../../../Desktop/GoogleService-Info.plist"; sourceTree = "<group>"; };
		80B99C4723A4291800D60445 /* ViewController3.swift */ = {isa = PBXFileReference; lastKnownFileType = sourcecode.swift; path = ViewController3.swift; sourceTree = "<group>"; };
		8DC4B1C0E48C891C9790D588 /* Pods-BMI_FinalTest_GarimaPrasher.release.xcconfig */ = {isa = PBXFileReference; includeInIndex = 1; lastKnownFileType = text.xcconfig; name = "Pods-BMI_FinalTest_GarimaPrasher.release.xcconfig"; path = "Target Support Files/Pods-BMI_FinalTest_GarimaPrasher/Pods-BMI_FinalTest_GarimaPrasher.release.xcconfig"; sourceTree = "<group>"; };
		A8A050720DCDC01FCBFAF2B9 /* Pods-BMI_FinalTest_GarimaPrasher.debug.xcconfig */ = {isa = PBXFileReference; includeInIndex = 1; lastKnownFileType = text.xcconfig; name = "Pods-BMI_FinalTest_GarimaPrasher.debug.xcconfig"; path = "Target Support Files/Pods-BMI_FinalTest_GarimaPrasher/Pods-BMI_FinalTest_GarimaPrasher.debug.xcconfig"; sourceTree = "<group>"; };
/* End PBXFileReference section */

/* Begin PBXFrameworksBuildPhase section */
		80B99C2123A1B3CE00D60445 /* Frameworks */ = {
			isa = PBXFrameworksBuildPhase;
			buildActionMask = 2147483647;
			files = (
				1D861DA1E7D1998B792D5288 /* Pods_BMI_FinalTest_GarimaPrasher.framework in Frameworks */,
			);
			runOnlyForDeploymentPostprocessing = 0;
		};
/* End PBXFrameworksBuildPhase section */

/* Begin PBXGroup section */
		80B99C1B23A1B3CD00D60445 = {
			isa = PBXGroup;
			children = (
				80B99C2623A1B3CE00D60445 /* BMI_FinalTest_GarimaPrasher */,
				80B99C2523A1B3CE00D60445 /* Products */,
				A925B3DA096054755210E103 /* Pods */,
				947144F7E79A7136073525A2 /* Frameworks */,
			);
			sourceTree = "<group>";
		};
		80B99C2523A1B3CE00D60445 /* Products */ = {
			isa = PBXGroup;
			children = (
				80B99C2423A1B3CE00D60445 /* BMI_FinalTest_GarimaPrasher.app */,
			);
			name = Products;
			sourceTree = "<group>";
		};
		80B99C2623A1B3CE00D60445 /* BMI_FinalTest_GarimaPrasher */ = {
			isa = PBXGroup;
			children = (
				80B99C2723A1B3CE00D60445 /* AppDelegate.swift */,
				80B99C2923A1B3CE00D60445 /* SceneDelegate.swift */,
				80B99C2B23A1B3CE00D60445 /* ViewController.swift */,
				80B99C2D23A1B3CE00D60445 /* Main.storyboard */,
				80B99C4523A1C90F00D60445 /* GoogleService-Info.plist */,
				80B99C3023A1B3CF00D60445 /* Assets.xcassets */,
				80B99C3223A1B3CF00D60445 /* LaunchScreen.storyboard */,
				80B99C3523A1B3CF00D60445 /* Info.plist */,
				80B99C4123A1BC5700D60445 /* ViewController2.swift */,
				80B99C4723A4291800D60445 /* ViewController3.swift */,
			);
			path = BMI_FinalTest_GarimaPrasher;
			sourceTree = "<group>";
		};
		947144F7E79A7136073525A2 /* Frameworks */ = {
			isa = PBXGroup;
			children = (
				2DAB073FFF49266A2031F447 /* Pods_BMI_FinalTest_GarimaPrasher.framework */,
			);
			name = Frameworks;
			sourceTree = "<group>";
		};
		A925B3DA096054755210E103 /* Pods */ = {
			isa = PBXGroup;
			children = (
				A8A050720DCDC01FCBFAF2B9 /* Pods-BMI_FinalTest_GarimaPrasher.debug.xcconfig */,
				8DC4B1C0E48C891C9790D588 /* Pods-BMI_FinalTest_GarimaPrasher.release.xcconfig */,
			);
			path = Pods;
			sourceTree = "<group>";
		};
/* End PBXGroup section */

/* Begin PBXNativeTarget section */
		80B99C2323A1B3CE00D60445 /* BMI_FinalTest_GarimaPrasher */ = {
			isa = PBXNativeTarget;
			buildConfigurationList = 80B99C3823A1B3CF00D60445 /* Build configuration list for PBXNativeTarget "BMI_FinalTest_GarimaPrasher" */;
			buildPhases = (
				D0C17D6D97D1B311C855893F /* [CP] Check Pods Manifest.lock */,
				80B99C2023A1B3CE00D60445 /* Sources */,
				80B99C2123A1B3CE00D60445 /* Frameworks */,
				80B99C2223A1B3CE00D60445 /* Resources */,
				5D1AA02819C1DC5FCCD51565 /* [CP] Embed Pods Frameworks */,
			);
			buildRules = (
			);
			dependencies = (
			);
			name = BMI_FinalTest_GarimaPrasher;
			productName = BMI_FinalTest_GarimaPrasher;
			productReference = 80B99C2423A1B3CE00D60445 /* BMI_FinalTest_GarimaPrasher.app */;
			productType = "com.apple.product-type.application";
		};
/* End PBXNativeTarget section */

/* Begin PBXProject section */
		80B99C1C23A1B3CD00D60445 /* Project object */ = {
			isa = PBXProject;
			attributes = {
				LastSwiftUpdateCheck = 1120;
				LastUpgradeCheck = 1120;
				ORGANIZATIONNAME = "Garima Prasher";
				TargetAttributes = {
					80B99C2323A1B3CE00D60445 = {
						CreatedOnToolsVersion = 11.2;
					};
				};
			};
			buildConfigurationList = 80B99C1F23A1B3CE00D60445 /* Build configuration list for PBXProject "BMI_FinalTest_GarimaPrasher" */;
			compatibilityVersion = "Xcode 9.3";
			developmentRegion = en;
			hasScannedForEncodings = 0;
			knownRegions = (
				en,
				Base,
			);
			mainGroup = 80B99C1B23A1B3CD00D60445;
			productRefGroup = 80B99C2523A1B3CE00D60445 /* Products */;
			projectDirPath = "";
			projectRoot = "";
			targets = (
				80B99C2323A1B3CE00D60445 /* BMI_FinalTest_GarimaPrasher */,
			);
		};
/* End PBXProject section */

/* Begin PBXResourcesBuildPhase section */
		80B99C2223A1B3CE00D60445 /* Resources */ = {
			isa = PBXResourcesBuildPhase;
			buildActionMask = 2147483647;
			files = (
				80B99C3423A1B3CF00D60445 /* LaunchScreen.storyboard in Resources */,
				80B99C4623A1C90F00D60445 /* GoogleService-Info.plist in Resources */,
				80B99C3123A1B3CF00D60445 /* Assets.xcassets in Resources */,
				80B99C2F23A1B3CE00D60445 /* Main.storyboard in Resources */,
			);
			runOnlyForDeploymentPostprocessing = 0;
		};
/* End PBXResourcesBuildPhase section */

/* Begin PBXShellScriptBuildPhase section */
		5D1AA02819C1DC5FCCD51565 /* [CP] Embed Pods Frameworks */ = {
			isa = PBXShellScriptBuildPhase;
			buildActionMask = 2147483647;
			files = (
			);
			inputFileListPaths = (
				"${PODS_ROOT}/Target Support Files/Pods-BMI_FinalTest_GarimaPrasher/Pods-BMI_FinalTest_GarimaPrasher-frameworks-${CONFIGURATION}-input-files.xcfilelist",
			);
			name = "[CP] Embed Pods Frameworks";
			outputFileListPaths = (
				"${PODS_ROOT}/Target Support Files/Pods-BMI_FinalTest_GarimaPrasher/Pods-BMI_FinalTest_GarimaPrasher-frameworks-${CONFIGURATION}-output-files.xcfilelist",
			);
			runOnlyForDeploymentPostprocessing = 0;
			shellPath = /bin/sh;
			shellScript = "\"${PODS_ROOT}/Target Support Files/Pods-BMI_FinalTest_GarimaPrasher/Pods-BMI_FinalTest_GarimaPrasher-frameworks.sh\"\n";
			showEnvVarsInLog = 0;
		};
		D0C17D6D97D1B311C855893F /* [CP] Check Pods Manifest.lock */ = {
			isa = PBXShellScriptBuildPhase;
			buildActionMask = 2147483647;
			files = (
			);
			inputFileListPaths = (
			);
			inputPaths = (
				"${PODS_PODFILE_DIR_PATH}/Podfile.lock",
				"${PODS_ROOT}/Manifest.lock",
			);
			name = "[CP] Check Pods Manifest.lock";
			outputFileListPaths = (
			);
			outputPaths = (
				"$(DERIVED_FILE_DIR)/Pods-BMI_FinalTest_GarimaPrasher-checkManifestLockResult.txt",
			);
			runOnlyForDeploymentPostprocessing = 0;
			shellPath = /bin/sh;
			shellScript = "diff \"${PODS_PODFILE_DIR_PATH}/Podfile.lock\" \"${PODS_ROOT}/Manifest.lock\" > /dev/null\nif [ $? != 0 ] ; then\n    # print error to STDERR\n    echo \"error: The sandbox is not in sync with the Podfile.lock. Run 'pod install' or update your CocoaPods installation.\" >&2\n    exit 1\nfi\n# This output is used by Xcode 'outputs' to avoid re-running this script phase.\necho \"SUCCESS\" > \"${SCRIPT_OUTPUT_FILE_0}\"\n";
			showEnvVarsInLog = 0;
		};
/* End PBXShellScriptBuildPhase section */

/* Begin PBXSourcesBuildPhase section */
		80B99C2023A1B3CE00D60445 /* Sources */ = {
			isa = PBXSourcesBuildPhase;
			buildActionMask = 2147483647;
			files = (
				80B99C4823A4291800D60445 /* ViewController3.swift in Sources */,
				80B99C2C23A1B3CE00D60445 /* ViewController.swift in Sources */,
				80B99C4223A1BC5700D60445 /* ViewController2.swift in Sources */,
				80B99C2823A1B3CE00D60445 /* AppDelegate.swift in Sources */,
				80B99C2A23A1B3CE00D60445 /* SceneDelegate.swift in Sources */,
			);
			runOnlyForDeploymentPostprocessing = 0;
		};
/* End PBXSourcesBuildPhase section */

/* Begin PBXVariantGroup section */
		80B99C2D23A1B3CE00D60445 /* Main.storyboard */ = {
			isa = PBXVariantGroup;
			children = (
				80B99C2E23A1B3CE00D60445 /* Base */,
			);
			name = Main.storyboard;
			sourceTree = "<group>";
		};
		80B99C3223A1B3CF00D60445 /* LaunchScreen.storyboard */ = {
			isa = PBXVariantGroup;
			children = (
				80B99C3323A1B3CF00D60445 /* Base */,
			);
			name = LaunchScreen.storyboard;
			sourceTree = "<group>";
		};
/* End PBXVariantGroup section */

/* Begin XCBuildConfiguration section */
		80B99C3623A1B3CF00D60445 /* Debug */ = {
			isa = XCBuildConfiguration;
			buildSettings = {
				ALWAYS_SEARCH_USER_PATHS = NO;
				CLANG_ANALYZER_NONNULL = YES;
				CLANG_ANALYZER_NUMBER_OBJECT_CONVERSION = YES_AGGRESSIVE;
				CLANG_CXX_LANGUAGE_STANDARD = "gnu++14";
				CLANG_CXX_LIBRARY = "libc++";
				CLANG_ENABLE_MODULES = YES;
				CLANG_ENABLE_OBJC_ARC = YES;
				CLANG_ENABLE_OBJC_WEAK = YES;
				CLANG_WARN_BLOCK_CAPTURE_AUTORELEASING = YES;
				CLANG_WARN_BOOL_CONVERSION = YES;
				CLANG_WARN_COMMA = YES;
				CLANG_WARN_CONSTANT_CONVERSION = YES;
				CLANG_WARN_DEPRECATED_OBJC_IMPLEMENTATIONS = YES;
				CLANG_WARN_DIRECT_OBJC_ISA_USAGE = YES_ERROR;
				CLANG_WARN_DOCUMENTATION_COMMENTS = YES;
				CLANG_WARN_EMPTY_BODY = YES;
				CLANG_WARN_ENUM_CONVERSION = YES;
				CLANG_WARN_INFINITE_RECURSION = YES;
				CLANG_WARN_INT_CONVERSION = YES;
				CLANG_WARN_NON_LITERAL_NULL_CONVERSION = YES;
				CLANG_WARN_OBJC_IMPLICIT_RETAIN_SELF = YES;
				CLANG_WARN_OBJC_LITERAL_CONVERSION = YES;
				CLANG_WARN_OBJC_ROOT_CLASS = YES_ERROR;
				CLANG_WARN_RANGE_LOOP_ANALYSIS = YES;
				CLANG_WARN_STRICT_PROTOTYPES = YES;
				CLANG_WARN_SUSPICIOUS_MOVE = YES;
				CLANG_WARN_UNGUARDED_AVAILABILITY = YES_AGGRESSIVE;
				CLANG_WARN_UNREACHABLE_CODE = YES;
				CLANG_WARN__DUPLICATE_METHOD_MATCH = YES;
				COPY_PHASE_STRIP = NO;
				DEBUG_INFORMATION_FORMAT = dwarf;
				ENABLE_STRICT_OBJC_MSGSEND = YES;
				ENABLE_TESTABILITY = YES;
				GCC_C_LANGUAGE_STANDARD = gnu11;
				GCC_DYNAMIC_NO_PIC = NO;
				GCC_NO_COMMON_BLOCKS = YES;
				GCC_OPTIMIZATION_LEVEL = 0;
				GCC_PREPROCESSOR_DEFINITIONS = (
					"DEBUG=1",
					"$(inherited)",
				);
				GCC_WARN_64_TO_32_BIT_CONVERSION = YES;
				GCC_WARN_ABOUT_RETURN_TYPE = YES_ERROR;
				GCC_WARN_UNDECLARED_SELECTOR = YES;
				GCC_WARN_UNINITIALIZED_AUTOS = YES_AGGRESSIVE;
				GCC_WARN_UNUSED_FUNCTION = YES;
				GCC_WARN_UNUSED_VARIABLE = YES;
				IPHONEOS_DEPLOYMENT_TARGET = 13.2;
				MTL_ENABLE_DEBUG_INFO = INCLUDE_SOURCE;
				MTL_FAST_MATH = YES;
				ONLY_ACTIVE_ARCH = YES;
				SDKROOT = iphoneos;
				SWIFT_ACTIVE_COMPILATION_CONDITIONS = DEBUG;
				SWIFT_OPTIMIZATION_LEVEL = "-Onone";
			};
			name = Debug;
		};
		80B99C3723A1B3CF00D60445 /* Release */ = {
			isa = XCBuildConfiguration;
			buildSettings = {
				ALWAYS_SEARCH_USER_PATHS = NO;
				CLANG_ANALYZER_NONNULL = YES;
				CLANG_ANALYZER_NUMBER_OBJECT_CONVERSION = YES_AGGRESSIVE;
				CLANG_CXX_LANGUAGE_STANDARD = "gnu++14";
				CLANG_CXX_LIBRARY = "libc++";
				CLANG_ENABLE_MODULES = YES;
				CLANG_ENABLE_OBJC_ARC = YES;
				CLANG_ENABLE_OBJC_WEAK = YES;
				CLANG_WARN_BLOCK_CAPTURE_AUTORELEASING = YES;
				CLANG_WARN_BOOL_CONVERSION = YES;
				CLANG_WARN_COMMA = YES;
				CLANG_WARN_CONSTANT_CONVERSION = YES;
				CLANG_WARN_DEPRECATED_OBJC_IMPLEMENTATIONS = YES;
				CLANG_WARN_DIRECT_OBJC_ISA_USAGE = YES_ERROR;
				CLANG_WARN_DOCUMENTATION_COMMENTS = YES;
				CLANG_WARN_EMPTY_BODY = YES;
				CLANG_WARN_ENUM_CONVERSION = YES;
				CLANG_WARN_INFINITE_RECURSION = YES;
				CLANG_WARN_INT_CONVERSION = YES;
				CLANG_WARN_NON_LITERAL_NULL_CONVERSION = YES;
				CLANG_WARN_OBJC_IMPLICIT_RETAIN_SELF = YES;
				CLANG_WARN_OBJC_LITERAL_CONVERSION = YES;
				CLANG_WARN_OBJC_ROOT_CLASS = YES_ERROR;
				CLANG_WARN_RANGE_LOOP_ANALYSIS = YES;
				CLANG_WARN_STRICT_PROTOTYPES = YES;
				CLANG_WARN_SUSPICIOUS_MOVE = YES;
				CLANG_WARN_UNGUARDED_AVAILABILITY = YES_AGGRESSIVE;
				CLANG_WARN_UNREACHABLE_CODE = YES;
				CLANG_WARN__DUPLICATE_METHOD_MATCH = YES;
				COPY_PHASE_STRIP = NO;
				DEBUG_INFORMATION_FORMAT = "dwarf-with-dsym";
				ENABLE_NS_ASSERTIONS = NO;
				ENABLE_STRICT_OBJC_MSGSEND = YES;
				GCC_C_LANGUAGE_STANDARD = gnu11;
				GCC_NO_COMMON_BLOCKS = YES;
				GCC_WARN_64_TO_32_BIT_CONVERSION = YES;
				GCC_WARN_ABOUT_RETURN_TYPE = YES_ERROR;
				GCC_WARN_UNDECLARED_SELECTOR = YES;
				GCC_WARN_UNINITIALIZED_AUTOS = YES_AGGRESSIVE;
				GCC_WARN_UNUSED_FUNCTION = YES;
				GCC_WARN_UNUSED_VARIABLE = YES;
				IPHONEOS_DEPLOYMENT_TARGET = 13.2;
				MTL_ENABLE_DEBUG_INFO = NO;
				MTL_FAST_MATH = YES;
				SDKROOT = iphoneos;
				SWIFT_COMPILATION_MODE = wholemodule;
				SWIFT_OPTIMIZATION_LEVEL = "-O";
				VALIDATE_PRODUCT = YES;
			};
			name = Release;
		};
		80B99C3923A1B3CF00D60445 /* Debug */ = {
			isa = XCBuildConfiguration;
			baseConfigurationReference = A8A050720DCDC01FCBFAF2B9 /* Pods-BMI_FinalTest_GarimaPrasher.debug.xcconfig */;
			buildSettings = {
				ASSETCATALOG_COMPILER_APPICON_NAME = AppIcon;
				CODE_SIGN_STYLE = Automatic;
				DEVELOPMENT_TEAM = 2BULHRS882;
				INFOPLIST_FILE = BMI_FinalTest_GarimaPrasher/Info.plist;
				LD_RUNPATH_SEARCH_PATHS = (
					"$(inherited)",
					"@executable_path/Frameworks",
				);
				PRODUCT_BUNDLE_IDENTIFIER = "com.GarimaPrasher.BMI-FinalTest-GarimaPrasher";
				PRODUCT_NAME = "$(TARGET_NAME)";
				SWIFT_VERSION = 5.0;
				TARGETED_DEVICE_FAMILY = "1,2";
			};
			name = Debug;
		};
		80B99C3A23A1B3CF00D60445 /* Release */ = {
			isa = XCBuildConfiguration;
			baseConfigurationReference = 8DC4B1C0E48C891C9790D588 /* Pods-BMI_FinalTest_GarimaPrasher.release.xcconfig */;
			buildSettings = {
				ASSETCATALOG_COMPILER_APPICON_NAME = AppIcon;
				CODE_SIGN_STYLE = Automatic;
				DEVELOPMENT_TEAM = 2BULHRS882;
				INFOPLIST_FILE = BMI_FinalTest_GarimaPrasher/Info.plist;
				LD_RUNPATH_SEARCH_PATHS = (
					"$(inherited)",
					"@executable_path/Frameworks",
				);
				PRODUCT_BUNDLE_IDENTIFIER = "com.GarimaPrasher.BMI-FinalTest-GarimaPrasher";
				PRODUCT_NAME = "$(TARGET_NAME)";
				SWIFT_VERSION = 5.0;
				TARGETED_DEVICE_FAMILY = "1,2";
			};
			name = Release;
		};
/* End XCBuildConfiguration section */

/* Begin XCConfigurationList section */
		80B99C1F23A1B3CE00D60445 /* Build configuration list for PBXProject "BMI_FinalTest_GarimaPrasher" */ = {
			isa = XCConfigurationList;
			buildConfigurations = (
				80B99C3623A1B3CF00D60445 /* Debug */,
				80B99C3723A1B3CF00D60445 /* Release */,
			);
			defaultConfigurationIsVisible = 0;
			defaultConfigurationName = Release;
		};
		80B99C3823A1B3CF00D60445 /* Build configuration list for PBXNativeTarget "BMI_FinalTest_GarimaPrasher" */ = {
			isa = XCConfigurationList;
			buildConfigurations = (
				80B99C3923A1B3CF00D60445 /* Debug */,
				80B99C3A23A1B3CF00D60445 /* Release */,
			);
			defaultConfigurationIsVisible = 0;
			defaultConfigurationName = Release;
		};
/* End XCConfigurationList section */
	};
	rootObject = 80B99C1C23A1B3CD00D60445 /* Project object */;
}
